{
  "version": "5",
  "specifiers": {
    "jsr:@okdaichi/golikejs@0.9.0": "0.9.0",
    "jsr:@qumo/moq@0.16.1": "0.16.1",
    "jsr:@std/assert@^1.0.19": "1.0.19",
    "jsr:@std/internal@^1.0.12": "1.0.14",
    "npm:zod@^3.24.2": "3.25.76"
  },
  "jsr": {
    "@okdaichi/golikejs@0.9.0": {
      "integrity": "9e99fab2a4a96c6b04143b37ecd5d18e9783fce4b5cdb716a3cabdb44fc5c00e"
    },
    "@qumo/moq@0.16.1": {
      "integrity": "1c42e3bcd8630bb8f18bb6eaf0b3f4d20b17c7814eb1f03a71f718a36cdc018d",
      "dependencies": [
        "jsr:@okdaichi/golikejs",
        "npm:zod"
      ]
    },
    "@std/assert@1.0.19": {
      "integrity": "eaada96ee120cb980bc47e040f82814d786fe8162ecc53c91d8df60b8755991e",
      "dependencies": [
        "jsr:@std/internal"
      ]
    },
    "@std/internal@1.0.14": {
      "integrity": "291516b3d4c35024d6ffbc0a9df5bf4c64116e05b50012cf846710152d2ffdf7"
    }
  },
  "npm": {
    "zod@3.25.76": {
      "integrity": "sha512-gzUt/qt81nXsFGKIFcC3YnfEAx5NkunCfnDlvuBSSFS02bcXu4Lmea0AFIUwbLWxWPx3d9p8S5QoaujKcNQxcQ=="
    }
  },
  "workspace": {
    "dependencies": [
      "jsr:@okdaichi/golikejs@0.9.0",
      "jsr:@qumo/moq@0.16.1",
      "jsr:@std/assert@^1.0.19",
      "jsr:@std/path@^1.1.6",
      "jsr:@std/testing@^1.0.19"
    ]
  }
}
