{
  "version": "5",
  "specifiers": {
    "jsr:@okdaichi/golikejs@0.10.0": "0.10.0",
    "jsr:@okdaichi/golikejs@0.9.0": "0.9.0",
    "jsr:@qumo/moq@0.16.1": "0.16.1",
    "jsr:@std/assert@^1.0.19": "1.0.19",
    "jsr:@std/data-structures@^1.1.0": "1.1.0",
    "jsr:@std/fs@^1.0.24": "1.0.24",
    "jsr:@std/internal@^1.0.12": "1.0.14",
    "jsr:@std/internal@^1.0.14": "1.0.14",
    "jsr:@std/path@^1.1.5": "1.1.6",
    "jsr:@std/path@^1.1.6": "1.1.6",
    "jsr:@std/testing@^1.0.19": "1.0.19",
    "npm:zod@^3.24.2": "3.25.76"
  },
  "jsr": {
    "@okdaichi/golikejs@0.9.0": {
      "integrity": "9e99fab2a4a96c6b04143b37ecd5d18e9783fce4b5cdb716a3cabdb44fc5c00e"
    },
    "@okdaichi/golikejs@0.10.0": {
      "integrity": "761440b50ff8bc21df1061e3361c6542208e0f4f434da4b1494a9b1bb5ab73d3"
    },
    "@qumo/moq@0.16.1": {
      "integrity": "1c42e3bcd8630bb8f18bb6eaf0b3f4d20b17c7814eb1f03a71f718a36cdc018d",
      "dependencies": [
        "jsr:@okdaichi/golikejs@0.9.0",
        "npm:zod"
      ]
    },
    "@std/assert@1.0.19": {
      "integrity": "eaada96ee120cb980bc47e040f82814d786fe8162ecc53c91d8df60b8755991e",
      "dependencies": [
        "jsr:@std/internal@^1.0.12"
      ]
    },
    "@std/data-structures@1.1.0": {
      "integrity": "c35ae4ad5d8e41a38573c2fe3e19b18ea2505f63cfea201edcb8720aca1f7f58"
    },
    "@std/fs@1.0.24": {
      "integrity": "f3061b45b81673a2bece689da041df32d174be064c89eb6397fb5718d3fb7877",
      "dependencies": [
        "jsr:@std/path@^1.1.5"
      ]
    },
    "@std/internal@1.0.14": {
      "integrity": "291516b3d4c35024d6ffbc0a9df5bf4c64116e05b50012cf846710152d2ffdf7"
    },
    "@std/path@1.1.6": {
      "integrity": "c68485c2a4dfbb5ae3cc74fae4e8c4e5d874cf8a8ed12927917235c758b46cbe",
      "dependencies": [
        "jsr:@std/internal@^1.0.14"
      ]
    },
    "@std/testing@1.0.19": {
      "integrity": "f4236172365b216728dc3cc8b5e80a9f4c33083d1e4ede7613d5b25b4014898e",
      "dependencies": [
        "jsr:@std/assert",
        "jsr:@std/data-structures",
        "jsr:@std/fs",
        "jsr:@std/internal@^1.0.14",
        "jsr:@std/path@^1.1.5"
      ]
    }
  },
  "npm": {
    "zod@3.25.76": {
      "integrity": "sha512-gzUt/qt81nXsFGKIFcC3YnfEAx5NkunCfnDlvuBSSFS02bcXu4Lmea0AFIUwbLWxWPx3d9p8S5QoaujKcNQxcQ=="
    }
  },
  "workspace": {
    "dependencies": [
      "jsr:@okdaichi/golikejs@0.10.0",
      "jsr:@qumo/moq@0.16.1",
      "jsr:@std/assert@^1.0.19",
      "jsr:@std/path@^1.1.6",
      "jsr:@std/testing@^1.0.19"
    ]
  }
}
